
Microsoft Visual Studio Solution File, Format Version 12.00
# Visual Studio Version 17
VisualStudioVersion = 17.10.34928.147
MinimumVisualStudioVersion = 10.0.40219.1
Project("{FAE04EC0-301F-11D3-BF4B-00C04F79EFBC}") = "TBC-Day03", "TBC-Day03\TBC-Day03.csproj", "{1AA918A5-8672-4F5B-9674-14FC43B98CCF}"
EndProject
Global
	GlobalSection(SolutionConfigurationPlatforms) = preSolution
		Debug|Any CPU = Debug|Any CPU
		Release|Any CPU = Release|Any CPU
	EndGlobalSection
	GlobalSection(ProjectConfigurationPlatforms) = postSolution
		{1AA918A5-8672-4F5B-9674-14FC43B98CCF}.Debug|Any CPU.ActiveCfg = Debug|Any CPU
		{1AA918A5-8672-4F5B-9674-14FC43B98CCF}.Debug|Any CPU.Build.0 = Debug|Any CPU
		{1AA918A5-8672-4F5B-9674-14FC43B98CCF}.Release|Any CPU.ActiveCfg = Release|Any CPU
		{1AA918A5-8672-4F5B-9674-14FC43B98CCF}.Release|Any CPU.Build.0 = Release|Any CPU
	EndGlobalSection
	GlobalSection(SolutionProperties) = preSolution
		HideSolutionNode = FALSE
	EndGlobalSection
	GlobalSection(ExtensibilityGlobals) = postSolution
		SolutionGuid = {205D2A61-ABC2-4BD7-86DC-51667BCAD908}
	EndGlobalSection
EndGlobal
