
Microsoft Visual Studio Solution File, Format Version 12.00
# Visual Studio Version 17
VisualStudioVersion = 17.10.34928.147
MinimumVisualStudioVersion = 10.0.40219.1
Project("{FAE04EC0-301F-11D3-BF4B-00C04F79EFBC}") = "TBC-Day10", "TBC-Day10\TBC-Day10.csproj", "{8BBE5545-40CF-46D6-BEA2-5ADE475148FB}"
EndProject
Global
	GlobalSection(SolutionConfigurationPlatforms) = preSolution
		Debug|Any CPU = Debug|Any CPU
		Release|Any CPU = Release|Any CPU
	EndGlobalSection
	GlobalSection(ProjectConfigurationPlatforms) = postSolution
		{8BBE5545-40CF-46D6-BEA2-5ADE475148FB}.Debug|Any CPU.ActiveCfg = Debug|Any CPU
		{8BBE5545-40CF-46D6-BEA2-5ADE475148FB}.Debug|Any CPU.Build.0 = Debug|Any CPU
		{8BBE5545-40CF-46D6-BEA2-5ADE475148FB}.Release|Any CPU.ActiveCfg = Release|Any CPU
		{8BBE5545-40CF-46D6-BEA2-5ADE475148FB}.Release|Any CPU.Build.0 = Release|Any CPU
	EndGlobalSection
	GlobalSection(SolutionProperties) = preSolution
		HideSolutionNode = FALSE
	EndGlobalSection
	GlobalSection(ExtensibilityGlobals) = postSolution
		SolutionGuid = {A4409B31-32B5-4D04-9DE5-76823961AC92}
	EndGlobalSection
EndGlobal
