
Microsoft Visual Studio Solution File, Format Version 12.00
# Visual Studio Version 17
VisualStudioVersion = 17.10.34928.147
MinimumVisualStudioVersion = 10.0.40219.1
Project("{FAE04EC0-301F-11D3-BF4B-00C04F79EFBC}") = "TBC-Day08", "TBC-Day08\TBC-Day08.csproj", "{56CF470F-89A6-4B36-994C-572D4114C152}"
EndProject
Global
	GlobalSection(SolutionConfigurationPlatforms) = preSolution
		Debug|Any CPU = Debug|Any CPU
		Release|Any CPU = Release|Any CPU
	EndGlobalSection
	GlobalSection(ProjectConfigurationPlatforms) = postSolution
		{56CF470F-89A6-4B36-994C-572D4114C152}.Debug|Any CPU.ActiveCfg = Debug|Any CPU
		{56CF470F-89A6-4B36-994C-572D4114C152}.Debug|Any CPU.Build.0 = Debug|Any CPU
		{56CF470F-89A6-4B36-994C-572D4114C152}.Release|Any CPU.ActiveCfg = Release|Any CPU
		{56CF470F-89A6-4B36-994C-572D4114C152}.Release|Any CPU.Build.0 = Release|Any CPU
	EndGlobalSection
	GlobalSection(SolutionProperties) = preSolution
		HideSolutionNode = FALSE
	EndGlobalSection
	GlobalSection(ExtensibilityGlobals) = postSolution
		SolutionGuid = {C9F74A92-6B70-429B-B782-66BB91422C44}
	EndGlobalSection
EndGlobal
